
Microsoft Visual Studio Solution File, Format Version 12.00
Project("{FAE04EC0-301F-11D3-BF4B-00C04F79EFBC}") = "ArduinoSerial", "ArduinoSerial\ArduinoSerial.csproj", "{258CB62B-D96F-4FA0-BAAF-FA39E66AF5C4}"
EndProject
Project("{FAE04EC0-301F-11D3-BF4B-00C04F79EFBC}") = "UI", "UI\UI.csproj", "{5109DA70-1A66-4319-AF81-E81C949E9DC4}"
	ProjectSection(ProjectDependencies) = postProject
		{258CB62B-D96F-4FA0-BAAF-FA39E66AF5C4} = {258CB62B-D96F-4FA0-BAAF-FA39E66AF5C4}
	EndProjectSection
EndProject
Global
	GlobalSection(SolutionConfigurationPlatforms) = preSolution
		Debug|Any CPU = Debug|Any CPU
		Release|Any CPU = Release|Any CPU
	EndGlobalSection
	GlobalSection(ProjectConfigurationPlatforms) = postSolution
		{258CB62B-D96F-4FA0-BAAF-FA39E66AF5C4}.Debug|Any CPU.ActiveCfg = Debug|Any CPU
		{258CB62B-D96F-4FA0-BAAF-FA39E66AF5C4}.Debug|Any CPU.Build.0 = Debug|Any CPU
		{258CB62B-D96F-4FA0-BAAF-FA39E66AF5C4}.Release|Any CPU.ActiveCfg = Release|Any CPU
		{258CB62B-D96F-4FA0-BAAF-FA39E66AF5C4}.Release|Any CPU.Build.0 = Release|Any CPU
		{5109DA70-1A66-4319-AF81-E81C949E9DC4}.Debug|Any CPU.ActiveCfg = Debug|Any CPU
		{5109DA70-1A66-4319-AF81-E81C949E9DC4}.Debug|Any CPU.Build.0 = Debug|Any CPU
		{5109DA70-1A66-4319-AF81-E81C949E9DC4}.Release|Any CPU.ActiveCfg = Release|Any CPU
		{5109DA70-1A66-4319-AF81-E81C949E9DC4}.Release|Any CPU.Build.0 = Release|Any CPU
	EndGlobalSection
EndGlobal
